{"1.1.0",
[{<<"goldrush">>,{pkg,<<"goldrush">>,<<"0.1.9">>},1},
 {<<"jsx">>,{pkg,<<"jsx">>,<<"2.9.0">>},0},
 {<<"lager">>,{pkg,<<"lager">>,<<"3.6.1">>},0},
 {<<"legendary_goggles">>,
  {git,"https://github.com/tank-bohr/legendary_goggles.git",
       {ref,"7b35b2cec435282d16892bd257a69ca9fba23012"}},
  0}]}.
[
{pkg_hash,[
 {<<"goldrush">>, <<"F06E5D5F1277DA5C413E84D5A2924174182FB108DABB39D5EC548B27424CD106">>},
 {<<"jsx">>, <<"D2F6E5F069C00266CAD52FB15D87C428579EA4D7D73A33669E12679E203329DD">>},
 {<<"lager">>, <<"9D29C5FF7F926D25ECD9899990867C9152DCF34EEE65BAC8EC0DFC0D16A26E0C">>}]}
].
